
Microsoft Visual Studio Solution File, Format Version 12.00
# Visual Studio 15
VisualStudioVersion = 15.0.28307.136
MinimumVisualStudioVersion = 10.0.40219.1
Project("{FAE04EC0-301F-11D3-BF4B-00C04F79EFBC}") = "SportsApplicationApi", "SportsApplicationApi\SportsApplicationApi.csproj", "{0E9D28AD-7449-4D6E-96B7-25DF5D8B5EB2}"
EndProject
Global
	GlobalSection(SolutionConfigurationPlatforms) = preSolution
		Debug|Any CPU = Debug|Any CPU
		Release|Any CPU = Release|Any CPU
	EndGlobalSection
	GlobalSection(ProjectConfigurationPlatforms) = postSolution
		{0E9D28AD-7449-4D6E-96B7-25DF5D8B5EB2}.Debug|Any CPU.ActiveCfg = Debug|Any CPU
		{0E9D28AD-7449-4D6E-96B7-25DF5D8B5EB2}.Debug|Any CPU.Build.0 = Debug|Any CPU
		{0E9D28AD-7449-4D6E-96B7-25DF5D8B5EB2}.Release|Any CPU.ActiveCfg = Release|Any CPU
		{0E9D28AD-7449-4D6E-96B7-25DF5D8B5EB2}.Release|Any CPU.Build.0 = Release|Any CPU
	EndGlobalSection
	GlobalSection(SolutionProperties) = preSolution
		HideSolutionNode = FALSE
	EndGlobalSection
	GlobalSection(ExtensibilityGlobals) = postSolution
		SolutionGuid = {598A670E-5954-4700-80BD-9E91964DCD36}
	EndGlobalSection
EndGlobal
